
Microsoft Visual Studio Solution File, Format Version 12.00
Project("{FAE04EC0-301F-11D3-BF4B-00C04F79EFBC}") = "DupFinder", "DupFinder\DupFinder.csproj", "{BD787D3F-3FEC-4D34-8C6F-E2CF8434CF3E}"
EndProject
Project("{2150E333-8FDC-42A3-9474-1A3956D46DE8}") = "CommonFiles", "CommonFiles", "{CA8F051C-EBC6-4D9A-B537-9D3A2FF19A8C}"
	ProjectSection(SolutionItems) = preProject
		license = license
		README.md = README.md
	EndProjectSection
EndProject
Project("{FAE04EC0-301F-11D3-BF4B-00C04F79EFBC}") = "DupFindefCli", "DupFindefCli\DupFindefCli.csproj", "{9E3B61F3-1D14-4313-A905-4352D14932A2}"
EndProject
Project("{FAE04EC0-301F-11D3-BF4B-00C04F79EFBC}") = "DupFinder.Core", "DupFinder.Core\DupFinder.Core.csproj", "{9D150838-F529-4B4B-ACD8-9F1192348DCF}"
EndProject
Project("{FAE04EC0-301F-11D3-BF4B-00C04F79EFBC}") = "DupFinder.Core.Tests", "DupFinder.Core.Tests\DupFinder.Core.Tests.csproj", "{7E398DDB-9B23-4490-A3E6-7AAA48178F73}"
EndProject
Global
	GlobalSection(SolutionConfigurationPlatforms) = preSolution
		Debug|Any CPU = Debug|Any CPU
		Release|Any CPU = Release|Any CPU
	EndGlobalSection
	GlobalSection(ProjectConfigurationPlatforms) = postSolution
		{BD787D3F-3FEC-4D34-8C6F-E2CF8434CF3E}.Debug|Any CPU.ActiveCfg = Debug|Any CPU
		{BD787D3F-3FEC-4D34-8C6F-E2CF8434CF3E}.Debug|Any CPU.Build.0 = Debug|Any CPU
		{BD787D3F-3FEC-4D34-8C6F-E2CF8434CF3E}.Release|Any CPU.ActiveCfg = Release|Any CPU
		{BD787D3F-3FEC-4D34-8C6F-E2CF8434CF3E}.Release|Any CPU.Build.0 = Release|Any CPU
		{9E3B61F3-1D14-4313-A905-4352D14932A2}.Debug|Any CPU.ActiveCfg = Debug|Any CPU
		{9E3B61F3-1D14-4313-A905-4352D14932A2}.Debug|Any CPU.Build.0 = Debug|Any CPU
		{9E3B61F3-1D14-4313-A905-4352D14932A2}.Release|Any CPU.ActiveCfg = Release|Any CPU
		{9E3B61F3-1D14-4313-A905-4352D14932A2}.Release|Any CPU.Build.0 = Release|Any CPU
		{9D150838-F529-4B4B-ACD8-9F1192348DCF}.Debug|Any CPU.ActiveCfg = Debug|Any CPU
		{9D150838-F529-4B4B-ACD8-9F1192348DCF}.Debug|Any CPU.Build.0 = Debug|Any CPU
		{9D150838-F529-4B4B-ACD8-9F1192348DCF}.Release|Any CPU.ActiveCfg = Release|Any CPU
		{9D150838-F529-4B4B-ACD8-9F1192348DCF}.Release|Any CPU.Build.0 = Release|Any CPU
		{7E398DDB-9B23-4490-A3E6-7AAA48178F73}.Debug|Any CPU.ActiveCfg = Debug|Any CPU
		{7E398DDB-9B23-4490-A3E6-7AAA48178F73}.Debug|Any CPU.Build.0 = Debug|Any CPU
		{7E398DDB-9B23-4490-A3E6-7AAA48178F73}.Release|Any CPU.ActiveCfg = Release|Any CPU
		{7E398DDB-9B23-4490-A3E6-7AAA48178F73}.Release|Any CPU.Build.0 = Release|Any CPU
	EndGlobalSection
EndGlobal
